
Microsoft Visual Studio Solution File, Format Version 12.00
# Visual Studio Version 17
VisualStudioVersion = 17.8.34525.116
MinimumVisualStudioVersion = 10.0.40219.1
Project("{9A19103F-16F7-4668-BE54-9A1E7A4F7556}") = "ML_Programming", "ML_Programming\ML_Programming.csproj", "{DD91DDC5-3355-456E-B6BD-C91688C7B1DC}"
EndProject
Project("{9A19103F-16F7-4668-BE54-9A1E7A4F7556}") = "01.Variable", "01.Variable\01.Variable.csproj", "{5428A443-EC68-4A25-A6E9-59E54BA8B6A9}"
EndProject
Project("{9A19103F-16F7-4668-BE54-9A1E7A4F7556}") = "01.Variable_Task", "01.Variable_Task\01.Variable_Task.csproj", "{2CFA2D1D-45A9-446F-BCEA-498241D89B37}"
EndProject
Project("{9A19103F-16F7-4668-BE54-9A1E7A4F7556}") = "00.ComputerScience", "00.ComputerScience\00.ComputerScience.csproj", "{2FF871C4-E093-45FC-AF5C-61259021E355}"
EndProject
Project("{9A19103F-16F7-4668-BE54-9A1E7A4F7556}") = "02.Operator", "02.Operator\02.Operator.csproj", "{360DB7CF-79E0-4EF9-8205-BD6D7684FAC4}"
EndProject
Project("{9A19103F-16F7-4668-BE54-9A1E7A4F7556}") = "02.Operator_Task", "02.Operator_Task\02.Operator_Task.csproj", "{4EE7ACEB-7E0C-4AF9-A3F2-B2C1E8B6691A}"
EndProject
Project("{9A19103F-16F7-4668-BE54-9A1E7A4F7556}") = "03.Conditional", "03.Conditional\03.Conditional.csproj", "{3776ABA6-7AA6-4E32-AA54-9008A953B3AC}"
EndProject
Project("{9A19103F-16F7-4668-BE54-9A1E7A4F7556}") = "04.Loop", "04.Loop\04.Loop.csproj", "{5E3CF15F-32BD-4D89-B10C-0FE0456B2798}"
EndProject
Project("{9A19103F-16F7-4668-BE54-9A1E7A4F7556}") = "04.Loop_Task", "04.Loop_Task\04.Loop_Task.csproj", "{FB8BE242-E08C-4B34-9489-EECF09165442}"
EndProject
Project("{9A19103F-16F7-4668-BE54-9A1E7A4F7556}") = "05.Function", "05.Function\05.Function.csproj", "{ECC83E5D-A4E1-4CA2-AA34-3E3F7E92C986}"
EndProject
Project("{9A19103F-16F7-4668-BE54-9A1E7A4F7556}") = "06.UserDefineType", "06.UserDefineType\06.UserDefineType.csproj", "{982A0235-63F0-4204-AF7D-02B021ACAAFD}"
EndProject
Project("{9A19103F-16F7-4668-BE54-9A1E7A4F7556}") = "06.UserDefineType_Task", "06.UserDefineType_Task\06.UserDefineType_Task.csproj", "{799374D3-7A84-451B-878C-A1E81D25D46B}"
EndProject
Project("{9A19103F-16F7-4668-BE54-9A1E7A4F7556}") = "07.Class", "07.Class\07.Class.csproj", "{AA9FEA69-5DB9-460B-B1C8-2EB274D17C61}"
EndProject
Project("{9A19103F-16F7-4668-BE54-9A1E7A4F7556}") = "08.Memory", "08.Memory\08.Memory.csproj", "{C055C246-D5F2-40F8-B749-6D155E149F39}"
EndProject
Project("{9A19103F-16F7-4668-BE54-9A1E7A4F7556}") = "08.Memory_Class_Task", "08.Memory,Class_Task\08.Memory_Class_Task.csproj", "{DA295193-F4A1-4AB3-9C5B-C73C0E188E8C}"
EndProject
Project("{9A19103F-16F7-4668-BE54-9A1E7A4F7556}") = "09.OOP", "09.OOP\09.OOP.csproj", "{CEEE321F-8F53-45A1-90EA-EAFF74F41A72}"
EndProject
Project("{9A19103F-16F7-4668-BE54-9A1E7A4F7556}") = "09.OOP_Task", "09.OOP_Task\09.OOP_Task.csproj", "{60D3CFFE-5DE3-4E4A-A278-45C77FA36D3D}"
EndProject
Project("{9A19103F-16F7-4668-BE54-9A1E7A4F7556}") = "10.Interface", "10.Interface\10.Interface.csproj", "{C82A2360-80CE-4CD3-A11D-6141F7B780DD}"
EndProject
Project("{9A19103F-16F7-4668-BE54-9A1E7A4F7556}") = "11.Array", "11.Array\11.Array.csproj", "{82D4D851-BF20-484B-8C81-4F9BE744478E}"
EndProject
Project("{9A19103F-16F7-4668-BE54-9A1E7A4F7556}") = "10.Interface_Task", "10.Interface_Task\10.Interface_Task.csproj", "{4950893E-C020-419E-9CC2-094ABBABBA90}"
EndProject
Project("{9A19103F-16F7-4668-BE54-9A1E7A4F7556}") = "12.Generic", "12.Generic\12.Generic.csproj", "{FFD8D5CC-B7FB-4A4E-ADCD-C34B0F8181EF}"
EndProject
Project("{9A19103F-16F7-4668-BE54-9A1E7A4F7556}") = "14.Delegate", "14.Delegate\14.Delegate.csproj", "{710181A4-A939-4F43-8311-5B38A9B49854}"
EndProject
Project("{FAE04EC0-301F-11D3-BF4B-00C04F79EFBC}") = "14.Delegate_Task", "14.Delegate_Task\14.Delegate_Task.csproj", "{72681D86-6A2D-4538-807E-48D0D32165AE}"
EndProject
Project("{FAE04EC0-301F-11D3-BF4B-00C04F79EFBC}") = "15.Event", "15.Event\15.Event.csproj", "{359F6849-FE19-47E3-A1ED-55F0C983D809}"
EndProject
Project("{FAE04EC0-301F-11D3-BF4B-00C04F79EFBC}") = "13.Exception", "13.Exception\13.Exception.csproj", "{BBFECE47-BA47-4754-A3BB-813663EEC6D5}"
EndProject
Project("{FAE04EC0-301F-11D3-BF4B-00C04F79EFBC}") = "13.Exception_Task", "13.Exception_Task\13.Exception_Task.csproj", "{6A5E5A9F-C809-41FC-9958-B47FF0637ECE}"
EndProject
Project("{FAE04EC0-301F-11D3-BF4B-00C04F79EFBC}") = "15.Event_Task", "15.Event_Task\15.Event_Task.csproj", "{101BF91C-A9B1-444C-95A6-85176022096E}"
EndProject
Global
	GlobalSection(SolutionConfigurationPlatforms) = preSolution
		Debug|Any CPU = Debug|Any CPU
		Release|Any CPU = Release|Any CPU
	EndGlobalSection
	GlobalSection(ProjectConfigurationPlatforms) = postSolution
		{DD91DDC5-3355-456E-B6BD-C91688C7B1DC}.Debug|Any CPU.ActiveCfg = Debug|Any CPU
		{DD91DDC5-3355-456E-B6BD-C91688C7B1DC}.Debug|Any CPU.Build.0 = Debug|Any CPU
		{DD91DDC5-3355-456E-B6BD-C91688C7B1DC}.Release|Any CPU.ActiveCfg = Release|Any CPU
		{DD91DDC5-3355-456E-B6BD-C91688C7B1DC}.Release|Any CPU.Build.0 = Release|Any CPU
		{5428A443-EC68-4A25-A6E9-59E54BA8B6A9}.Debug|Any CPU.ActiveCfg = Debug|Any CPU
		{5428A443-EC68-4A25-A6E9-59E54BA8B6A9}.Debug|Any CPU.Build.0 = Debug|Any CPU
		{5428A443-EC68-4A25-A6E9-59E54BA8B6A9}.Release|Any CPU.ActiveCfg = Release|Any CPU
		{5428A443-EC68-4A25-A6E9-59E54BA8B6A9}.Release|Any CPU.Build.0 = Release|Any CPU
		{2CFA2D1D-45A9-446F-BCEA-498241D89B37}.Debug|Any CPU.ActiveCfg = Debug|Any CPU
		{2CFA2D1D-45A9-446F-BCEA-498241D89B37}.Debug|Any CPU.Build.0 = Debug|Any CPU
		{2CFA2D1D-45A9-446F-BCEA-498241D89B37}.Release|Any CPU.ActiveCfg = Release|Any CPU
		{2CFA2D1D-45A9-446F-BCEA-498241D89B37}.Release|Any CPU.Build.0 = Release|Any CPU
		{2FF871C4-E093-45FC-AF5C-61259021E355}.Debug|Any CPU.ActiveCfg = Debug|Any CPU
		{2FF871C4-E093-45FC-AF5C-61259021E355}.Debug|Any CPU.Build.0 = Debug|Any CPU
		{2FF871C4-E093-45FC-AF5C-61259021E355}.Release|Any CPU.ActiveCfg = Release|Any CPU
		{2FF871C4-E093-45FC-AF5C-61259021E355}.Release|Any CPU.Build.0 = Release|Any CPU
		{360DB7CF-79E0-4EF9-8205-BD6D7684FAC4}.Debug|Any CPU.ActiveCfg = Debug|Any CPU
		{360DB7CF-79E0-4EF9-8205-BD6D7684FAC4}.Debug|Any CPU.Build.0 = Debug|Any CPU
		{360DB7CF-79E0-4EF9-8205-BD6D7684FAC4}.Release|Any CPU.ActiveCfg = Release|Any CPU
		{360DB7CF-79E0-4EF9-8205-BD6D7684FAC4}.Release|Any CPU.Build.0 = Release|Any CPU
		{4EE7ACEB-7E0C-4AF9-A3F2-B2C1E8B6691A}.Debug|Any CPU.ActiveCfg = Debug|Any CPU
		{4EE7ACEB-7E0C-4AF9-A3F2-B2C1E8B6691A}.Debug|Any CPU.Build.0 = Debug|Any CPU
		{4EE7ACEB-7E0C-4AF9-A3F2-B2C1E8B6691A}.Release|Any CPU.ActiveCfg = Release|Any CPU
		{4EE7ACEB-7E0C-4AF9-A3F2-B2C1E8B6691A}.Release|Any CPU.Build.0 = Release|Any CPU
		{3776ABA6-7AA6-4E32-AA54-9008A953B3AC}.Debug|Any CPU.ActiveCfg = Debug|Any CPU
		{3776ABA6-7AA6-4E32-AA54-9008A953B3AC}.Debug|Any CPU.Build.0 = Debug|Any CPU
		{3776ABA6-7AA6-4E32-AA54-9008A953B3AC}.Release|Any CPU.ActiveCfg = Release|Any CPU
		{3776ABA6-7AA6-4E32-AA54-9008A953B3AC}.Release|Any CPU.Build.0 = Release|Any CPU
		{5E3CF15F-32BD-4D89-B10C-0FE0456B2798}.Debug|Any CPU.ActiveCfg = Debug|Any CPU
		{5E3CF15F-32BD-4D89-B10C-0FE0456B2798}.Debug|Any CPU.Build.0 = Debug|Any CPU
		{5E3CF15F-32BD-4D89-B10C-0FE0456B2798}.Release|Any CPU.ActiveCfg = Release|Any CPU
		{5E3CF15F-32BD-4D89-B10C-0FE0456B2798}.Release|Any CPU.Build.0 = Release|Any CPU
		{FB8BE242-E08C-4B34-9489-EECF09165442}.Debug|Any CPU.ActiveCfg = Debug|Any CPU
		{FB8BE242-E08C-4B34-9489-EECF09165442}.Debug|Any CPU.Build.0 = Debug|Any CPU
		{FB8BE242-E08C-4B34-9489-EECF09165442}.Release|Any CPU.ActiveCfg = Release|Any CPU
		{FB8BE242-E08C-4B34-9489-EECF09165442}.Release|Any CPU.Build.0 = Release|Any CPU
		{ECC83E5D-A4E1-4CA2-AA34-3E3F7E92C986}.Debug|Any CPU.ActiveCfg = Debug|Any CPU
		{ECC83E5D-A4E1-4CA2-AA34-3E3F7E92C986}.Debug|Any CPU.Build.0 = Debug|Any CPU
		{ECC83E5D-A4E1-4CA2-AA34-3E3F7E92C986}.Release|Any CPU.ActiveCfg = Release|Any CPU
		{ECC83E5D-A4E1-4CA2-AA34-3E3F7E92C986}.Release|Any CPU.Build.0 = Release|Any CPU
		{982A0235-63F0-4204-AF7D-02B021ACAAFD}.Debug|Any CPU.ActiveCfg = Debug|Any CPU
		{982A0235-63F0-4204-AF7D-02B021ACAAFD}.Debug|Any CPU.Build.0 = Debug|Any CPU
		{982A0235-63F0-4204-AF7D-02B021ACAAFD}.Release|Any CPU.ActiveCfg = Release|Any CPU
		{982A0235-63F0-4204-AF7D-02B021ACAAFD}.Release|Any CPU.Build.0 = Release|Any CPU
		{799374D3-7A84-451B-878C-A1E81D25D46B}.Debug|Any CPU.ActiveCfg = Debug|Any CPU
		{799374D3-7A84-451B-878C-A1E81D25D46B}.Debug|Any CPU.Build.0 = Debug|Any CPU
		{799374D3-7A84-451B-878C-A1E81D25D46B}.Release|Any CPU.ActiveCfg = Release|Any CPU
		{799374D3-7A84-451B-878C-A1E81D25D46B}.Release|Any CPU.Build.0 = Release|Any CPU
		{AA9FEA69-5DB9-460B-B1C8-2EB274D17C61}.Debug|Any CPU.ActiveCfg = Debug|Any CPU
		{AA9FEA69-5DB9-460B-B1C8-2EB274D17C61}.Debug|Any CPU.Build.0 = Debug|Any CPU
		{AA9FEA69-5DB9-460B-B1C8-2EB274D17C61}.Release|Any CPU.ActiveCfg = Release|Any CPU
		{AA9FEA69-5DB9-460B-B1C8-2EB274D17C61}.Release|Any CPU.Build.0 = Release|Any CPU
		{C055C246-D5F2-40F8-B749-6D155E149F39}.Debug|Any CPU.ActiveCfg = Debug|Any CPU
		{C055C246-D5F2-40F8-B749-6D155E149F39}.Debug|Any CPU.Build.0 = Debug|Any CPU
		{C055C246-D5F2-40F8-B749-6D155E149F39}.Release|Any CPU.ActiveCfg = Release|Any CPU
		{C055C246-D5F2-40F8-B749-6D155E149F39}.Release|Any CPU.Build.0 = Release|Any CPU
		{DA295193-F4A1-4AB3-9C5B-C73C0E188E8C}.Debug|Any CPU.ActiveCfg = Debug|Any CPU
		{DA295193-F4A1-4AB3-9C5B-C73C0E188E8C}.Debug|Any CPU.Build.0 = Debug|Any CPU
		{DA295193-F4A1-4AB3-9C5B-C73C0E188E8C}.Release|Any CPU.ActiveCfg = Release|Any CPU
		{DA295193-F4A1-4AB3-9C5B-C73C0E188E8C}.Release|Any CPU.Build.0 = Release|Any CPU
		{CEEE321F-8F53-45A1-90EA-EAFF74F41A72}.Debug|Any CPU.ActiveCfg = Debug|Any CPU
		{CEEE321F-8F53-45A1-90EA-EAFF74F41A72}.Debug|Any CPU.Build.0 = Debug|Any CPU
		{CEEE321F-8F53-45A1-90EA-EAFF74F41A72}.Release|Any CPU.ActiveCfg = Release|Any CPU
		{CEEE321F-8F53-45A1-90EA-EAFF74F41A72}.Release|Any CPU.Build.0 = Release|Any CPU
		{60D3CFFE-5DE3-4E4A-A278-45C77FA36D3D}.Debug|Any CPU.ActiveCfg = Debug|Any CPU
		{60D3CFFE-5DE3-4E4A-A278-45C77FA36D3D}.Debug|Any CPU.Build.0 = Debug|Any CPU
		{60D3CFFE-5DE3-4E4A-A278-45C77FA36D3D}.Release|Any CPU.ActiveCfg = Release|Any CPU
		{60D3CFFE-5DE3-4E4A-A278-45C77FA36D3D}.Release|Any CPU.Build.0 = Release|Any CPU
		{C82A2360-80CE-4CD3-A11D-6141F7B780DD}.Debug|Any CPU.ActiveCfg = Debug|Any CPU
		{C82A2360-80CE-4CD3-A11D-6141F7B780DD}.Debug|Any CPU.Build.0 = Debug|Any CPU
		{C82A2360-80CE-4CD3-A11D-6141F7B780DD}.Release|Any CPU.ActiveCfg = Release|Any CPU
		{C82A2360-80CE-4CD3-A11D-6141F7B780DD}.Release|Any CPU.Build.0 = Release|Any CPU
		{82D4D851-BF20-484B-8C81-4F9BE744478E}.Debug|Any CPU.ActiveCfg = Debug|Any CPU
		{82D4D851-BF20-484B-8C81-4F9BE744478E}.Debug|Any CPU.Build.0 = Debug|Any CPU
		{82D4D851-BF20-484B-8C81-4F9BE744478E}.Release|Any CPU.ActiveCfg = Release|Any CPU
		{82D4D851-BF20-484B-8C81-4F9BE744478E}.Release|Any CPU.Build.0 = Release|Any CPU
		{4950893E-C020-419E-9CC2-094ABBABBA90}.Debug|Any CPU.ActiveCfg = Debug|Any CPU
		{4950893E-C020-419E-9CC2-094ABBABBA90}.Debug|Any CPU.Build.0 = Debug|Any CPU
		{4950893E-C020-419E-9CC2-094ABBABBA90}.Release|Any CPU.ActiveCfg = Release|Any CPU
		{4950893E-C020-419E-9CC2-094ABBABBA90}.Release|Any CPU.Build.0 = Release|Any CPU
		{FFD8D5CC-B7FB-4A4E-ADCD-C34B0F8181EF}.Debug|Any CPU.ActiveCfg = Debug|Any CPU
		{FFD8D5CC-B7FB-4A4E-ADCD-C34B0F8181EF}.Debug|Any CPU.Build.0 = Debug|Any CPU
		{FFD8D5CC-B7FB-4A4E-ADCD-C34B0F8181EF}.Release|Any CPU.ActiveCfg = Release|Any CPU
		{FFD8D5CC-B7FB-4A4E-ADCD-C34B0F8181EF}.Release|Any CPU.Build.0 = Release|Any CPU
		{710181A4-A939-4F43-8311-5B38A9B49854}.Debug|Any CPU.ActiveCfg = Debug|Any CPU
		{710181A4-A939-4F43-8311-5B38A9B49854}.Debug|Any CPU.Build.0 = Debug|Any CPU
		{710181A4-A939-4F43-8311-5B38A9B49854}.Release|Any CPU.ActiveCfg = Release|Any CPU
		{710181A4-A939-4F43-8311-5B38A9B49854}.Release|Any CPU.Build.0 = Release|Any CPU
		{72681D86-6A2D-4538-807E-48D0D32165AE}.Debug|Any CPU.ActiveCfg = Debug|Any CPU
		{72681D86-6A2D-4538-807E-48D0D32165AE}.Debug|Any CPU.Build.0 = Debug|Any CPU
		{72681D86-6A2D-4538-807E-48D0D32165AE}.Release|Any CPU.ActiveCfg = Release|Any CPU
		{72681D86-6A2D-4538-807E-48D0D32165AE}.Release|Any CPU.Build.0 = Release|Any CPU
		{359F6849-FE19-47E3-A1ED-55F0C983D809}.Debug|Any CPU.ActiveCfg = Debug|Any CPU
		{359F6849-FE19-47E3-A1ED-55F0C983D809}.Debug|Any CPU.Build.0 = Debug|Any CPU
		{359F6849-FE19-47E3-A1ED-55F0C983D809}.Release|Any CPU.ActiveCfg = Release|Any CPU
		{359F6849-FE19-47E3-A1ED-55F0C983D809}.Release|Any CPU.Build.0 = Release|Any CPU
		{BBFECE47-BA47-4754-A3BB-813663EEC6D5}.Debug|Any CPU.ActiveCfg = Debug|Any CPU
		{BBFECE47-BA47-4754-A3BB-813663EEC6D5}.Debug|Any CPU.Build.0 = Debug|Any CPU
		{BBFECE47-BA47-4754-A3BB-813663EEC6D5}.Release|Any CPU.ActiveCfg = Release|Any CPU
		{BBFECE47-BA47-4754-A3BB-813663EEC6D5}.Release|Any CPU.Build.0 = Release|Any CPU
		{6A5E5A9F-C809-41FC-9958-B47FF0637ECE}.Debug|Any CPU.ActiveCfg = Debug|Any CPU
		{6A5E5A9F-C809-41FC-9958-B47FF0637ECE}.Debug|Any CPU.Build.0 = Debug|Any CPU
		{6A5E5A9F-C809-41FC-9958-B47FF0637ECE}.Release|Any CPU.ActiveCfg = Release|Any CPU
		{6A5E5A9F-C809-41FC-9958-B47FF0637ECE}.Release|Any CPU.Build.0 = Release|Any CPU
		{101BF91C-A9B1-444C-95A6-85176022096E}.Debug|Any CPU.ActiveCfg = Debug|Any CPU
		{101BF91C-A9B1-444C-95A6-85176022096E}.Debug|Any CPU.Build.0 = Debug|Any CPU
		{101BF91C-A9B1-444C-95A6-85176022096E}.Release|Any CPU.ActiveCfg = Release|Any CPU
		{101BF91C-A9B1-444C-95A6-85176022096E}.Release|Any CPU.Build.0 = Release|Any CPU
	EndGlobalSection
	GlobalSection(SolutionProperties) = preSolution
		HideSolutionNode = FALSE
	EndGlobalSection
	GlobalSection(ExtensibilityGlobals) = postSolution
		SolutionGuid = {CF0146D1-920E-4EC2-9DBB-D367DBEA29C0}
	EndGlobalSection
EndGlobal
